{
  "name": "@aldinh777/reactive",
  "version": "0.28.11",
  "lockfileVersion": 2,
  "requires": true,
  "packages": {
    "": {
      "name": "@aldinh777/reactive",
      "version": "0.28.11",
      "license": "MIT",
      "dependencies": {
        "@aldinh777/toolbox": "^1.2.1"
      },
      "devDependencies": {
        "typescript": "^4.8.4"
      }
    },
    "node_modules/@aldinh777/toolbox": {
      "version": "1.2.1",
      "resolved": "https://registry.npmjs.org/@aldinh777/toolbox/-/toolbox-1.2.1.tgz",
      "integrity": "sha512-2grXVPoLipWAU2WXG0uzr5+vwXKR5FqxWES5S6E1LQPOcJtKavK3EjwhGKOCl0SUZmrt3M9ej72fFte4sZ0Suw=="
    },
    "node_modules/typescript": {
      "version": "4.8.4",
      "resolved": "https://registry.npmjs.org/typescript/-/typescript-4.8.4.tgz",
      "integrity": "sha512-QCh+85mCy+h0IGff8r5XWzOVSbBO+KfeYrMQh7NJ58QujwcE22u+NUSmUxqF+un70P9GXKxa2HCNiTTMJknyjQ==",
      "dev": true,
      "bin": {
        "tsc": "bin/tsc",
        "tsserver": "bin/tsserver"
      },
      "engines": {
        "node": ">=4.2.0"
      }
    }
  },
  "dependencies": {
    "@aldinh777/toolbox": {
      "version": "1.2.1",
      "resolved": "https://registry.npmjs.org/@aldinh777/toolbox/-/toolbox-1.2.1.tgz",
      "integrity": "sha512-2grXVPoLipWAU2WXG0uzr5+vwXKR5FqxWES5S6E1LQPOcJtKavK3EjwhGKOCl0SUZmrt3M9ej72fFte4sZ0Suw=="
    },
    "typescript": {
      "version": "4.8.4",
      "resolved": "https://registry.npmjs.org/typescript/-/typescript-4.8.4.tgz",
      "integrity": "sha512-QCh+85mCy+h0IGff8r5XWzOVSbBO+KfeYrMQh7NJ58QujwcE22u+NUSmUxqF+un70P9GXKxa2HCNiTTMJknyjQ==",
      "dev": true
    }
  }
}
